
Microsoft Visual Studio Solution File, Format Version 12.00
# Visual Studio 15
Project("{FAE04EC0-301F-11D3-BF4B-00C04F79EFBC}") = "APIHelloWorld", "APIHelloWorld\APIHelloWorld.csproj", "{CF7907CF-5282-44E1-8A91-8C76638CC1D2}"
EndProject
Project("{E53339B2-1760-4266-BCC7-CA923CBCF16C}") = "docker-compose", "docker-compose.dcproj", "{708062B2-5066-45BA-878B-D4E52B09CFC3}"
EndProject
Global
	GlobalSection(SolutionConfigurationPlatforms) = preSolution
		Debug|Any CPU = Debug|Any CPU
		Release|Any CPU = Release|Any CPU
	EndGlobalSection
	GlobalSection(ProjectConfigurationPlatforms) = postSolution
		{CF7907CF-5282-44E1-8A91-8C76638CC1D2}.Debug|Any CPU.ActiveCfg = Debug|Any CPU
		{CF7907CF-5282-44E1-8A91-8C76638CC1D2}.Debug|Any CPU.Build.0 = Debug|Any CPU
		{CF7907CF-5282-44E1-8A91-8C76638CC1D2}.Release|Any CPU.ActiveCfg = Release|Any CPU
		{CF7907CF-5282-44E1-8A91-8C76638CC1D2}.Release|Any CPU.Build.0 = Release|Any CPU
		{708062B2-5066-45BA-878B-D4E52B09CFC3}.Debug|Any CPU.ActiveCfg = Debug|Any CPU
		{708062B2-5066-45BA-878B-D4E52B09CFC3}.Debug|Any CPU.Build.0 = Debug|Any CPU
		{708062B2-5066-45BA-878B-D4E52B09CFC3}.Release|Any CPU.ActiveCfg = Release|Any CPU
		{708062B2-5066-45BA-878B-D4E52B09CFC3}.Release|Any CPU.Build.0 = Release|Any CPU
	EndGlobalSection
EndGlobal
